{
    "requires": true,
    "lockfileVersion": 1,
    "dependencies": {
        "tree": {
            "version": "0.1.3",
            "resolved": "https://registry.npmjs.org/tree/-/tree-0.1.3.tgz",
            "integrity": "sha1-FPulc9eFMAnEzO9E90CfrHFik48=",
            "requires": {
                "underscore": "^1.11.0"
            }
        },
        "underscore": {
            "version": "1.11.0",
            "resolved": "https://registry.npmjs.org/underscore/-/underscore-1.11.0.tgz",
            "integrity": "sha512-xY96SsN3NA461qIRKZ/+qox37YXPtSBswMGfiNptr+wrt6ds4HaMw23TP612fEyGekRE6LNRiLYr/aqbHXNedw=="
        }
    }
}
